<?xml version="1.0" encoding="utf-8"?>
<Project ToolsVersion="4.0" xmlns="http://schemas.microsoft.com/developer/msbuild/2003">
  <ItemGroup>
    <Filter Include="Collision">
      <UniqueIdentifier>{7c70d25b-d854-4eb3-af95-c5894b1946d6}</UniqueIdentifier>
    </Filter>
    <Filter Include="Collision\Shapes">
      <UniqueIdentifier>{0b34f63b-6114-4e4e-a40f-0d7c39834f95}</UniqueIdentifier>
    </Filter>
    <Filter Include="Common">
      <UniqueIdentifier>{947cbe5d-cb4c-430f-b7c6-320ec3c4a6af}</UniqueIdentifier>
    </Filter>
    <Filter Include="Dynamics">
      <UniqueIdentifier>{82c36a64-e425-4902-8740-36425288a3f1}</UniqueIdentifier>
    </Filter>
    <Filter Include="Dynamics\Contacts">
      <UniqueIdentifier>{98726924-cfb3-49ed-aef4-be4f9c86b4ce}</UniqueIdentifier>
    </Filter>
    <Filter Include="Dynamics\Joints">
      <UniqueIdentifier>{f129471d-38ee-49dd-9176-5a65cfa12f6e}</UniqueIdentifier>
    </Filter>
    <Filter Include="Rope">
      <UniqueIdentifier>{71e5f545-81ee-460b-aa3a-1a9b2db69637}</UniqueIdentifier>
    </Filter>
  </ItemGroup>
  <ItemGroup>
    <ClCompile Include="..\..\3rdparty\box2d-2.3.0\Box2D\Collision\b2BroadPhase.cpp" />
    <ClCompile Include="..\..\3rdparty\box2d-2.3.0\Box2D\Collision\b2CollideCircle.cpp" />
    <ClCompile Include="..\..\3rdparty\box2d-2.3.0\Box2D\Collision\b2CollideEdge.cpp" />
    <ClCompile Include="..\..\3rdparty\box2d-2.3.0\Box2D\Collision\b2CollidePolygon.cpp" />
    <ClCompile Include="..\..\3rdparty\box2d-2.3.0\Box2D\Collision\b2Collision.cpp" />
    <ClCompile Include="..\..\3rdparty\box2d-2.3.0\Box2D\Collision\b2Distance.cpp" />
    <ClCompile Include="..\..\3rdparty\box2d-2.3.0\Box2D\Collision\b2DynamicTree.cpp" />
    <ClCompile Include="..\..\3rdparty\box2d-2.3.0\Box2D\Collision\b2TimeOfImpact.cpp" />
    <ClCompile Include="..\..\3rdparty\box2d-2.3.0\Box2D\Collision\Shapes\b2ChainShape.cpp" />
    <ClCompile Include="..\..\3rdparty\box2d-2.3.0\Box2D\Collision\Shapes\b2CircleShape.cpp" />
    <ClCompile Include="..\..\3rdparty\box2d-2.3.0\Box2D\Collision\Shapes\b2EdgeShape.cpp" />
    <ClCompile Include="..\..\3rdparty\box2d-2.3.0\Box2D\Collision\Shapes\b2PolygonShape.cpp" />
    <ClCompile Include="..\..\3rdparty\box2d-2.3.0\Box2D\Common\b2BlockAllocator.cpp" />
    <ClCompile Include="..\..\3rdparty\box2d-2.3.0\Box2D\Common\b2Draw.cpp" />
    <ClCompile Include="..\..\3rdparty\box2d-2.3.0\Box2D\Common\b2Math.cpp" />
    <ClCompile Include="..\..\3rdparty\box2d-2.3.0\Box2D\Common\b2Settings.cpp" />
    <ClCompile Include="..\..\3rdparty\box2d-2.3.0\Box2D\Common\b2StackAllocator.cpp" />
    <ClCompile Include="..\..\3rdparty\box2d-2.3.0\Box2D\Common\b2Timer.cpp" />
    <ClCompile Include="..\..\3rdparty\box2d-2.3.0\Box2D\Dynamics\b2Body.cpp" />
    <ClCompile Include="..\..\3rdparty\box2d-2.3.0\Box2D\Dynamics\b2ContactManager.cpp" />
    <ClCompile Include="..\..\3rdparty\box2d-2.3.0\Box2D\Dynamics\b2Fixture.cpp" />
    <ClCompile Include="..\..\3rdparty\box2d-2.3.0\Box2D\Dynamics\b2Island.cpp" />
    <ClCompile Include="..\..\3rdparty\box2d-2.3.0\Box2D\Dynamics\b2World.cpp" />
    <ClCompile Include="..\..\3rdparty\box2d-2.3.0\Box2D\Dynamics\b2WorldCallbacks.cpp" />
    <ClCompile Include="..\..\3rdparty\box2d-2.3.0\Box2D\Dynamics\Contacts\b2ChainAndCircleContact.cpp" />
    <ClCompile Include="..\..\3rdparty\box2d-2.3.0\Box2D\Dynamics\Contacts\b2ChainAndPolygonContact.cpp" />
    <ClCompile Include="..\..\3rdparty\box2d-2.3.0\Box2D\Dynamics\Contacts\b2CircleContact.cpp" />
    <ClCompile Include="..\..\3rdparty\box2d-2.3.0\Box2D\Dynamics\Contacts\b2Contact.cpp" />
    <ClCompile Include="..\..\3rdparty\box2d-2.3.0\Box2D\Dynamics\Contacts\b2ContactSolver.cpp" />
    <ClCompile Include="..\..\3rdparty\box2d-2.3.0\Box2D\Dynamics\Contacts\b2EdgeAndCircleContact.cpp" />
    <ClCompile Include="..\..\3rdparty\box2d-2.3.0\Box2D\Dynamics\Contacts\b2EdgeAndPolygonContact.cpp" />
    <ClCompile Include="..\..\3rdparty\box2d-2.3.0\Box2D\Dynamics\Contacts\b2PolygonAndCircleContact.cpp" />
    <ClCompile Include="..\..\3rdparty\box2d-2.3.0\Box2D\Dynamics\Contacts\b2PolygonContact.cpp" />
    <ClCompile Include="..\..\3rdparty\box2d-2.3.0\Box2D\Dynamics\Joints\b2DistanceJoint.cpp" />
    <ClCompile Include="..\..\3rdparty\box2d-2.3.0\Box2D\Dynamics\Joints\b2FrictionJoint.cpp" />
    <ClCompile Include="..\..\3rdparty\box2d-2.3.0\Box2D\Dynamics\Joints\b2GearJoint.cpp" />
    <ClCompile Include="..\..\3rdparty\box2d-2.3.0\Box2D\Dynamics\Joints\b2Joint.cpp" />
    <ClCompile Include="..\..\3rdparty\box2d-2.3.0\Box2D\Dynamics\Joints\b2MouseJoint.cpp" />
    <ClCompile Include="..\..\3rdparty\box2d-2.3.0\Box2D\Dynamics\Joints\b2PrismaticJoint.cpp" />
    <ClCompile Include="..\..\3rdparty\box2d-2.3.0\Box2D\Dynamics\Joints\b2PulleyJoint.cpp" />
    <ClCompile Include="..\..\3rdparty\box2d-2.3.0\Box2D\Dynamics\Joints\b2RevoluteJoint.cpp" />
    <ClCompile Include="..\..\3rdparty\box2d-2.3.0\Box2D\Dynamics\Joints\b2RopeJoint.cpp" />
    <ClCompile Include="..\..\3rdparty\box2d-2.3.0\Box2D\Dynamics\Joints\b2WeldJoint.cpp" />
    <ClCompile Include="..\..\3rdparty\box2d-2.3.0\Box2D\Dynamics\Joints\b2WheelJoint.cpp" />
    <ClCompile Include="..\..\3rdparty\box2d-2.3.0\Box2D\Rope\b2Rope.cpp" />
    <ClCompile Include="..\..\3rdparty\box2d-2.3.0\Box2D\Dynamics\Joints\b2MotorJoint.cpp" />
  </ItemGroup>
  <ItemGroup>
    <ClInclude Include="..\..\3rdparty\box2d-2.3.0\Box2D\Collision\b2BroadPhase.h" />
    <ClInclude Include="..\..\3rdparty\box2d-2.3.0\Box2D\Collision\b2Collision.h" />
    <ClInclude Include="..\..\3rdparty\box2d-2.3.0\Box2D\Collision\b2Distance.h" />
    <ClInclude Include="..\..\3rdparty\box2d-2.3.0\Box2D\Collision\b2DynamicTree.h" />
    <ClInclude Include="..\..\3rdparty\box2d-2.3.0\Box2D\Collision\b2TimeOfImpact.h" />
    <ClInclude Include="..\..\3rdparty\box2d-2.3.0\Box2D\Collision\Shapes\b2ChainShape.h" />
    <ClInclude Include="..\..\3rdparty\box2d-2.3.0\Box2D\Collision\Shapes\b2CircleShape.h" />
    <ClInclude Include="..\..\3rdparty\box2d-2.3.0\Box2D\Collision\Shapes\b2EdgeShape.h" />
    <ClInclude Include="..\..\3rdparty\box2d-2.3.0\Box2D\Collision\Shapes\b2PolygonShape.h" />
    <ClInclude Include="..\..\3rdparty\box2d-2.3.0\Box2D\Collision\Shapes\b2Shape.h" />
    <ClInclude Include="..\..\3rdparty\box2d-2.3.0\Box2D\Common\b2BlockAllocator.h" />
    <ClInclude Include="..\..\3rdparty\box2d-2.3.0\Box2D\Common\b2Draw.h" />
    <ClInclude Include="..\..\3rdparty\box2d-2.3.0\Box2D\Common\b2GrowableStack.h" />
    <ClInclude Include="..\..\3rdparty\box2d-2.3.0\Box2D\Common\b2Math.h" />
    <ClInclude Include="..\..\3rdparty\box2d-2.3.0\Box2D\Common\b2Settings.h" />
    <ClInclude Include="..\..\3rdparty\box2d-2.3.0\Box2D\Common\b2StackAllocator.h" />
    <ClInclude Include="..\..\3rdparty\box2d-2.3.0\Box2D\Common\b2Timer.h" />
    <ClInclude Include="..\..\3rdparty\box2d-2.3.0\Box2D\Dynamics\b2Body.h" />
    <ClInclude Include="..\..\3rdparty\box2d-2.3.0\Box2D\Dynamics\b2ContactManager.h" />
    <ClInclude Include="..\..\3rdparty\box2d-2.3.0\Box2D\Dynamics\b2Fixture.h" />
    <ClInclude Include="..\..\3rdparty\box2d-2.3.0\Box2D\Dynamics\b2Island.h" />
    <ClInclude Include="..\..\3rdparty\box2d-2.3.0\Box2D\Dynamics\b2TimeStep.h" />
    <ClInclude Include="..\..\3rdparty\box2d-2.3.0\Box2D\Dynamics\b2World.h" />
    <ClInclude Include="..\..\3rdparty\box2d-2.3.0\Box2D\Dynamics\b2WorldCallbacks.h" />
    <ClInclude Include="..\..\3rdparty\box2d-2.3.0\Box2D\Dynamics\Contacts\b2ChainAndCircleContact.h" />
    <ClInclude Include="..\..\3rdparty\box2d-2.3.0\Box2D\Dynamics\Contacts\b2ChainAndPolygonContact.h" />
    <ClInclude Include="..\..\3rdparty\box2d-2.3.0\Box2D\Dynamics\Contacts\b2CircleContact.h" />
    <ClInclude Include="..\..\3rdparty\box2d-2.3.0\Box2D\Dynamics\Contacts\b2Contact.h" />
    <ClInclude Include="..\..\3rdparty\box2d-2.3.0\Box2D\Dynamics\Contacts\b2ContactSolver.h" />
    <ClInclude Include="..\..\3rdparty\box2d-2.3.0\Box2D\Dynamics\Contacts\b2EdgeAndCircleContact.h" />
    <ClInclude Include="..\..\3rdparty\box2d-2.3.0\Box2D\Dynamics\Contacts\b2EdgeAndPolygonContact.h" />
    <ClInclude Include="..\..\3rdparty\box2d-2.3.0\Box2D\Dynamics\Contacts\b2PolygonAndCircleContact.h" />
    <ClInclude Include="..\..\3rdparty\box2d-2.3.0\Box2D\Dynamics\Contacts\b2PolygonContact.h" />
    <ClInclude Include="..\..\3rdparty\box2d-2.3.0\Box2D\Dynamics\Joints\b2DistanceJoint.h" />
    <ClInclude Include="..\..\3rdparty\box2d-2.3.0\Box2D\Dynamics\Joints\b2FrictionJoint.h" />
    <ClInclude Include="..\..\3rdparty\box2d-2.3.0\Box2D\Dynamics\Joints\b2GearJoint.h" />
    <ClInclude Include="..\..\3rdparty\box2d-2.3.0\Box2D\Dynamics\Joints\b2Joint.h" />
    <ClInclude Include="..\..\3rdparty\box2d-2.3.0\Box2D\Dynamics\Joints\b2MouseJoint.h" />
    <ClInclude Include="..\..\3rdparty\box2d-2.3.0\Box2D\Dynamics\Joints\b2PrismaticJoint.h" />
    <ClInclude Include="..\..\3rdparty\box2d-2.3.0\Box2D\Dynamics\Joints\b2PulleyJoint.h" />
    <ClInclude Include="..\..\3rdparty\box2d-2.3.0\Box2D\Dynamics\Joints\b2RevoluteJoint.h" />
    <ClInclude Include="..\..\3rdparty\box2d-2.3.0\Box2D\Dynamics\Joints\b2RopeJoint.h" />
    <ClInclude Include="..\..\3rdparty\box2d-2.3.0\Box2D\Dynamics\Joints\b2WeldJoint.h" />
    <ClInclude Include="..\..\3rdparty\box2d-2.3.0\Box2D\Dynamics\Joints\b2WheelJoint.h" />
    <ClInclude Include="..\..\3rdparty\box2d-2.3.0\Box2D\Rope\b2Rope.h" />
    <ClInclude Include="..\..\3rdparty\box2d-2.3.0\Box2D\Box2D.h" />
    <ClInclude Include="..\..\3rdparty\box2d-2.3.0\Box2D\Dynamics\Joints\b2MotorJoint.h" />
  </ItemGroup>
</Project>